
Microsoft Visual Studio Solution File, Format Version 12.00
# Visual Studio Version 16
VisualStudioVersion = 16.0.30114.105
MinimumVisualStudioVersion = 10.0.40219.1
Project("{FAE04EC0-301F-11D3-BF4B-00C04F79EFBC}") = "Milling3D", "Milling3D\Milling3D.csproj", "{1CA6920E-54EC-47F1-9A88-6B4A7CF08DDA}"
EndProject
Project("{FAE04EC0-301F-11D3-BF4B-00C04F79EFBC}") = "TestExample", "TestExample\TestExample.csproj", "{0F536F12-DCFF-4593-A4F4-6362CB931332}"
EndProject
Project("{FAE04EC0-301F-11D3-BF4B-00C04F79EFBC}") = "Tests", "Tests\Tests.csproj", "{C11A50E0-2373-41D3-A4D2-B393B5C50097}"
EndProject
Global
	GlobalSection(SolutionConfigurationPlatforms) = preSolution
		Debug|Any CPU = Debug|Any CPU
		Debug|x64 = Debug|x64
		Debug|x86 = Debug|x86
		Release|Any CPU = Release|Any CPU
		Release|x64 = Release|x64
		Release|x86 = Release|x86
	EndGlobalSection
	GlobalSection(SolutionProperties) = preSolution
		HideSolutionNode = FALSE
	EndGlobalSection
	GlobalSection(ProjectConfigurationPlatforms) = postSolution
		{1CA6920E-54EC-47F1-9A88-6B4A7CF08DDA}.Debug|Any CPU.ActiveCfg = Debug|Any CPU
		{1CA6920E-54EC-47F1-9A88-6B4A7CF08DDA}.Debug|Any CPU.Build.0 = Debug|Any CPU
		{1CA6920E-54EC-47F1-9A88-6B4A7CF08DDA}.Debug|x64.ActiveCfg = Debug|Any CPU
		{1CA6920E-54EC-47F1-9A88-6B4A7CF08DDA}.Debug|x64.Build.0 = Debug|Any CPU
		{1CA6920E-54EC-47F1-9A88-6B4A7CF08DDA}.Debug|x86.ActiveCfg = Debug|Any CPU
		{1CA6920E-54EC-47F1-9A88-6B4A7CF08DDA}.Debug|x86.Build.0 = Debug|Any CPU
		{1CA6920E-54EC-47F1-9A88-6B4A7CF08DDA}.Release|Any CPU.ActiveCfg = Release|Any CPU
		{1CA6920E-54EC-47F1-9A88-6B4A7CF08DDA}.Release|Any CPU.Build.0 = Release|Any CPU
		{1CA6920E-54EC-47F1-9A88-6B4A7CF08DDA}.Release|x64.ActiveCfg = Release|Any CPU
		{1CA6920E-54EC-47F1-9A88-6B4A7CF08DDA}.Release|x64.Build.0 = Release|Any CPU
		{1CA6920E-54EC-47F1-9A88-6B4A7CF08DDA}.Release|x86.ActiveCfg = Release|Any CPU
		{1CA6920E-54EC-47F1-9A88-6B4A7CF08DDA}.Release|x86.Build.0 = Release|Any CPU
		{0F536F12-DCFF-4593-A4F4-6362CB931332}.Debug|Any CPU.ActiveCfg = Debug|Any CPU
		{0F536F12-DCFF-4593-A4F4-6362CB931332}.Debug|Any CPU.Build.0 = Debug|Any CPU
		{0F536F12-DCFF-4593-A4F4-6362CB931332}.Debug|x64.ActiveCfg = Debug|Any CPU
		{0F536F12-DCFF-4593-A4F4-6362CB931332}.Debug|x64.Build.0 = Debug|Any CPU
		{0F536F12-DCFF-4593-A4F4-6362CB931332}.Debug|x86.ActiveCfg = Debug|Any CPU
		{0F536F12-DCFF-4593-A4F4-6362CB931332}.Debug|x86.Build.0 = Debug|Any CPU
		{0F536F12-DCFF-4593-A4F4-6362CB931332}.Release|Any CPU.ActiveCfg = Release|Any CPU
		{0F536F12-DCFF-4593-A4F4-6362CB931332}.Release|Any CPU.Build.0 = Release|Any CPU
		{0F536F12-DCFF-4593-A4F4-6362CB931332}.Release|x64.ActiveCfg = Release|Any CPU
		{0F536F12-DCFF-4593-A4F4-6362CB931332}.Release|x64.Build.0 = Release|Any CPU
		{0F536F12-DCFF-4593-A4F4-6362CB931332}.Release|x86.ActiveCfg = Release|Any CPU
		{0F536F12-DCFF-4593-A4F4-6362CB931332}.Release|x86.Build.0 = Release|Any CPU
		{C11A50E0-2373-41D3-A4D2-B393B5C50097}.Debug|Any CPU.ActiveCfg = Debug|Any CPU
		{C11A50E0-2373-41D3-A4D2-B393B5C50097}.Debug|Any CPU.Build.0 = Debug|Any CPU
		{C11A50E0-2373-41D3-A4D2-B393B5C50097}.Debug|x64.ActiveCfg = Debug|Any CPU
		{C11A50E0-2373-41D3-A4D2-B393B5C50097}.Debug|x64.Build.0 = Debug|Any CPU
		{C11A50E0-2373-41D3-A4D2-B393B5C50097}.Debug|x86.ActiveCfg = Debug|Any CPU
		{C11A50E0-2373-41D3-A4D2-B393B5C50097}.Debug|x86.Build.0 = Debug|Any CPU
		{C11A50E0-2373-41D3-A4D2-B393B5C50097}.Release|Any CPU.ActiveCfg = Release|Any CPU
		{C11A50E0-2373-41D3-A4D2-B393B5C50097}.Release|Any CPU.Build.0 = Release|Any CPU
		{C11A50E0-2373-41D3-A4D2-B393B5C50097}.Release|x64.ActiveCfg = Release|Any CPU
		{C11A50E0-2373-41D3-A4D2-B393B5C50097}.Release|x64.Build.0 = Release|Any CPU
		{C11A50E0-2373-41D3-A4D2-B393B5C50097}.Release|x86.ActiveCfg = Release|Any CPU
		{C11A50E0-2373-41D3-A4D2-B393B5C50097}.Release|x86.Build.0 = Release|Any CPU
	EndGlobalSection
EndGlobal
